
Microsoft Visual Studio Solution File, Format Version 11.00
# Visual Studio 2010
Project("{FAE04EC0-301F-11D3-BF4B-00C04F79EFBC}") = "Fravegabot", "Fravegabot\Fravegabot.csproj", "{2892D189-98C7-4D88-AEA2-E5D06ECE4D0A}"
EndProject
Global
	GlobalSection(SolutionConfigurationPlatforms) = preSolution
		Debug|Any CPU = Debug|Any CPU
		Release|Any CPU = Release|Any CPU
	EndGlobalSection
	GlobalSection(ProjectConfigurationPlatforms) = postSolution
		{2892D189-98C7-4D88-AEA2-E5D06ECE4D0A}.Debug|Any CPU.ActiveCfg = Debug|Any CPU
		{2892D189-98C7-4D88-AEA2-E5D06ECE4D0A}.Debug|Any CPU.Build.0 = Debug|Any CPU
		{2892D189-98C7-4D88-AEA2-E5D06ECE4D0A}.Release|Any CPU.ActiveCfg = Release|Any CPU
		{2892D189-98C7-4D88-AEA2-E5D06ECE4D0A}.Release|Any CPU.Build.0 = Release|Any CPU
	EndGlobalSection
	GlobalSection(SolutionProperties) = preSolution
		HideSolutionNode = FALSE
	EndGlobalSection
	GlobalSection(ExtensibilityGlobals) = postSolution
		EnterpriseLibraryConfigurationToolBinariesPath = packages\Unity.2.1.505.0\lib\NET35
	EndGlobalSection
EndGlobal
